
Microsoft Visual Studio Solution File, Format Version 12.00
# Visual Studio Version 17
VisualStudioVersion = 17.4.33103.184
MinimumVisualStudioVersion = 10.0.40219.1
Project("{FAE04EC0-301F-11D3-BF4B-00C04F79EFBC}") = "ApeFree.ApeForms.Demo", "ApeFree.ApeForms.Demo\ApeFree.ApeForms.Demo.csproj", "{FE7CF2B8-2D41-4533-B40D-A283473E7981}"
EndProject
Project("{FAE04EC0-301F-11D3-BF4B-00C04F79EFBC}") = "Demo", "Demo\Demo.csproj", "{F21C1A90-9A71-4C02-A044-778D9FBF2C79}"
EndProject
Project("{FAE04EC0-301F-11D3-BF4B-00C04F79EFBC}") = "Demo2", "Demo2\Demo2.csproj", "{A7439B41-0AB1-4630-83EC-F99568CD990C}"
EndProject
Global
	GlobalSection(SolutionConfigurationPlatforms) = preSolution
		Debug|Any CPU = Debug|Any CPU
		Release|Any CPU = Release|Any CPU
	EndGlobalSection
	GlobalSection(ProjectConfigurationPlatforms) = postSolution
		{FE7CF2B8-2D41-4533-B40D-A283473E7981}.Debug|Any CPU.ActiveCfg = Debug|Any CPU
		{FE7CF2B8-2D41-4533-B40D-A283473E7981}.Debug|Any CPU.Build.0 = Debug|Any CPU
		{FE7CF2B8-2D41-4533-B40D-A283473E7981}.Release|Any CPU.ActiveCfg = Release|Any CPU
		{FE7CF2B8-2D41-4533-B40D-A283473E7981}.Release|Any CPU.Build.0 = Release|Any CPU
		{F21C1A90-9A71-4C02-A044-778D9FBF2C79}.Debug|Any CPU.ActiveCfg = Debug|Any CPU
		{F21C1A90-9A71-4C02-A044-778D9FBF2C79}.Debug|Any CPU.Build.0 = Debug|Any CPU
		{F21C1A90-9A71-4C02-A044-778D9FBF2C79}.Release|Any CPU.ActiveCfg = Release|Any CPU
		{F21C1A90-9A71-4C02-A044-778D9FBF2C79}.Release|Any CPU.Build.0 = Release|Any CPU
		{A7439B41-0AB1-4630-83EC-F99568CD990C}.Debug|Any CPU.ActiveCfg = Debug|Any CPU
		{A7439B41-0AB1-4630-83EC-F99568CD990C}.Debug|Any CPU.Build.0 = Debug|Any CPU
		{A7439B41-0AB1-4630-83EC-F99568CD990C}.Release|Any CPU.ActiveCfg = Release|Any CPU
		{A7439B41-0AB1-4630-83EC-F99568CD990C}.Release|Any CPU.Build.0 = Release|Any CPU
	EndGlobalSection
	GlobalSection(SolutionProperties) = preSolution
		HideSolutionNode = FALSE
	EndGlobalSection
	GlobalSection(ExtensibilityGlobals) = postSolution
		SolutionGuid = {5AC2ADCE-1DB2-4257-8D0E-88032BB2C04C}
	EndGlobalSection
EndGlobal
